
Microsoft Visual Studio Solution File, Format Version 12.00
# Visual Studio Version 17
VisualStudioVersion = 17.0.32014.148
MinimumVisualStudioVersion = 10.0.40219.1
Project("{2150E333-8FDC-42A3-9474-1A3956D46DE8}") = "Core", "Core", "{26FB6860-95F6-41FD-8768-25A7019E4F8F}"
EndProject
Project("{9A19103F-16F7-4668-BE54-9A1E7A4F7556}") = "Domain", "Core\OnionArchitecture.Domain\ClassLibrary1\Domain.csproj", "{696125E9-2ED3-46C2-AACD-0A5EB055C4F2}"
EndProject
Project("{9A19103F-16F7-4668-BE54-9A1E7A4F7556}") = "Application", "Application\Application\Application.csproj", "{1C39041F-1035-4757-8C70-C72648CAACB4}"
EndProject
Project("{2150E333-8FDC-42A3-9474-1A3956D46DE8}") = "Infrastructure", "Infrastructure", "{B273623F-3B5B-4B42-9475-63C0D51277FF}"
EndProject
Project("{FAE04EC0-301F-11D3-BF4B-00C04F79EFBC}") = "OnionArchitecture.Persistance", "Infrastructure\OnionArchitecture.Persistance\OnionArchitecture.Persistance.csproj", "{A5C9325F-77F8-4C7A-B254-A0EB79AEFDBC}"
EndProject
Project("{2150E333-8FDC-42A3-9474-1A3956D46DE8}") = "Presentation", "Presentation", "{5E3BC0B4-F39D-4D1A-BD9C-30F8A8C66090}"
EndProject
Project("{FAE04EC0-301F-11D3-BF4B-00C04F79EFBC}") = "OnionArchitecture.API", "Persistance\OnionArchitecture.API\OnionArchitecture.API.csproj", "{39963CBD-8692-466B-AB0B-201FFDD4F95E}"
EndProject
Global
	GlobalSection(SolutionConfigurationPlatforms) = preSolution
		Debug|Any CPU = Debug|Any CPU
		Release|Any CPU = Release|Any CPU
	EndGlobalSection
	GlobalSection(ProjectConfigurationPlatforms) = postSolution
		{696125E9-2ED3-46C2-AACD-0A5EB055C4F2}.Debug|Any CPU.ActiveCfg = Debug|Any CPU
		{696125E9-2ED3-46C2-AACD-0A5EB055C4F2}.Debug|Any CPU.Build.0 = Debug|Any CPU
		{696125E9-2ED3-46C2-AACD-0A5EB055C4F2}.Release|Any CPU.ActiveCfg = Release|Any CPU
		{696125E9-2ED3-46C2-AACD-0A5EB055C4F2}.Release|Any CPU.Build.0 = Release|Any CPU
		{1C39041F-1035-4757-8C70-C72648CAACB4}.Debug|Any CPU.ActiveCfg = Debug|Any CPU
		{1C39041F-1035-4757-8C70-C72648CAACB4}.Debug|Any CPU.Build.0 = Debug|Any CPU
		{1C39041F-1035-4757-8C70-C72648CAACB4}.Release|Any CPU.ActiveCfg = Release|Any CPU
		{1C39041F-1035-4757-8C70-C72648CAACB4}.Release|Any CPU.Build.0 = Release|Any CPU
		{A5C9325F-77F8-4C7A-B254-A0EB79AEFDBC}.Debug|Any CPU.ActiveCfg = Debug|Any CPU
		{A5C9325F-77F8-4C7A-B254-A0EB79AEFDBC}.Debug|Any CPU.Build.0 = Debug|Any CPU
		{A5C9325F-77F8-4C7A-B254-A0EB79AEFDBC}.Release|Any CPU.ActiveCfg = Release|Any CPU
		{A5C9325F-77F8-4C7A-B254-A0EB79AEFDBC}.Release|Any CPU.Build.0 = Release|Any CPU
		{39963CBD-8692-466B-AB0B-201FFDD4F95E}.Debug|Any CPU.ActiveCfg = Debug|Any CPU
		{39963CBD-8692-466B-AB0B-201FFDD4F95E}.Debug|Any CPU.Build.0 = Debug|Any CPU
		{39963CBD-8692-466B-AB0B-201FFDD4F95E}.Release|Any CPU.ActiveCfg = Release|Any CPU
		{39963CBD-8692-466B-AB0B-201FFDD4F95E}.Release|Any CPU.Build.0 = Release|Any CPU
	EndGlobalSection
	GlobalSection(SolutionProperties) = preSolution
		HideSolutionNode = FALSE
	EndGlobalSection
	GlobalSection(NestedProjects) = preSolution
		{696125E9-2ED3-46C2-AACD-0A5EB055C4F2} = {26FB6860-95F6-41FD-8768-25A7019E4F8F}
		{1C39041F-1035-4757-8C70-C72648CAACB4} = {26FB6860-95F6-41FD-8768-25A7019E4F8F}
		{A5C9325F-77F8-4C7A-B254-A0EB79AEFDBC} = {B273623F-3B5B-4B42-9475-63C0D51277FF}
		{39963CBD-8692-466B-AB0B-201FFDD4F95E} = {5E3BC0B4-F39D-4D1A-BD9C-30F8A8C66090}
	EndGlobalSection
	GlobalSection(ExtensibilityGlobals) = postSolution
		SolutionGuid = {54B48101-492C-4E87-BC04-1616DFC05FCF}
	EndGlobalSection
EndGlobal
